
Microsoft Visual Studio Solution File, Format Version 12.00
# Visual Studio Version 17
VisualStudioVersion = 17.3.32922.545
MinimumVisualStudioVersion = 10.0.40219.1
Project("{FAE04EC0-301F-11D3-BF4B-00C04F79EFBC}") = "RootSystemService", "RootSystemService\RootSystemService.csproj", "{0DD508A9-F95B-4BD5-AE46-5E4209285DEB}"
EndProject
Project("{FAE04EC0-301F-11D3-BF4B-00C04F79EFBC}") = "RS_SDK", "RS_SDK\RS_SDK.csproj", "{0EE304D7-9475-4646-9C22-B0D61BCD4414}"
EndProject
Project("{FAE04EC0-301F-11D3-BF4B-00C04F79EFBC}") = "Demo", "Demo\Demo.csproj", "{6B037DD8-8DBD-4B70-80FE-08B44454ED60}"
EndProject
Global
	GlobalSection(SolutionConfigurationPlatforms) = preSolution
		Debug|Any CPU = Debug|Any CPU
		Release|Any CPU = Release|Any CPU
	EndGlobalSection
	GlobalSection(ProjectConfigurationPlatforms) = postSolution
		{0DD508A9-F95B-4BD5-AE46-5E4209285DEB}.Debug|Any CPU.ActiveCfg = Debug|Any CPU
		{0DD508A9-F95B-4BD5-AE46-5E4209285DEB}.Debug|Any CPU.Build.0 = Debug|Any CPU
		{0DD508A9-F95B-4BD5-AE46-5E4209285DEB}.Release|Any CPU.ActiveCfg = Release|Any CPU
		{0DD508A9-F95B-4BD5-AE46-5E4209285DEB}.Release|Any CPU.Build.0 = Release|Any CPU
		{0EE304D7-9475-4646-9C22-B0D61BCD4414}.Debug|Any CPU.ActiveCfg = Debug|Any CPU
		{0EE304D7-9475-4646-9C22-B0D61BCD4414}.Debug|Any CPU.Build.0 = Debug|Any CPU
		{0EE304D7-9475-4646-9C22-B0D61BCD4414}.Release|Any CPU.ActiveCfg = Release|Any CPU
		{0EE304D7-9475-4646-9C22-B0D61BCD4414}.Release|Any CPU.Build.0 = Release|Any CPU
		{6B037DD8-8DBD-4B70-80FE-08B44454ED60}.Debug|Any CPU.ActiveCfg = Debug|Any CPU
		{6B037DD8-8DBD-4B70-80FE-08B44454ED60}.Debug|Any CPU.Build.0 = Debug|Any CPU
		{6B037DD8-8DBD-4B70-80FE-08B44454ED60}.Release|Any CPU.ActiveCfg = Release|Any CPU
		{6B037DD8-8DBD-4B70-80FE-08B44454ED60}.Release|Any CPU.Build.0 = Release|Any CPU
	EndGlobalSection
	GlobalSection(SolutionProperties) = preSolution
		HideSolutionNode = FALSE
	EndGlobalSection
	GlobalSection(ExtensibilityGlobals) = postSolution
		SolutionGuid = {49AF5F98-0E27-4CEC-B81C-FC0F94D62F0B}
	EndGlobalSection
EndGlobal
